
Microsoft Visual Studio Solution File, Format Version 12.00
# Visual Studio Version 17
VisualStudioVersion = 17.5.33530.505
MinimumVisualStudioVersion = 10.0.40219.1
Project("{FAE04EC0-301F-11D3-BF4B-00C04F79EFBC}") = "Chatty.Server", "Chatty.Server.csproj", "{58835E18-3B63-45D4-8833-A3A8C613B28A}"
EndProject
Global
	GlobalSection(SolutionConfigurationPlatforms) = preSolution
		Debug|Any CPU = Debug|Any CPU
		Release|Any CPU = Release|Any CPU
	EndGlobalSection
	GlobalSection(ProjectConfigurationPlatforms) = postSolution
		{58835E18-3B63-45D4-8833-A3A8C613B28A}.Debug|Any CPU.ActiveCfg = Debug|Any CPU
		{58835E18-3B63-45D4-8833-A3A8C613B28A}.Debug|Any CPU.Build.0 = Debug|Any CPU
		{58835E18-3B63-45D4-8833-A3A8C613B28A}.Release|Any CPU.ActiveCfg = Release|Any CPU
		{58835E18-3B63-45D4-8833-A3A8C613B28A}.Release|Any CPU.Build.0 = Release|Any CPU
	EndGlobalSection
	GlobalSection(SolutionProperties) = preSolution
		HideSolutionNode = FALSE
	EndGlobalSection
	GlobalSection(ExtensibilityGlobals) = postSolution
		SolutionGuid = {1E517918-8743-47E5-95F2-E4DF049D5589}
	EndGlobalSection
EndGlobal
